
Microsoft Visual Studio Solution File, Format Version 12.00
# Visual Studio Version 17
Project("{8BC9CEB8-8B4A-11D0-8D11-00A0C91BC942}") = "ALL_BUILD", "ALL_BUILD.vcxproj", "{06B21D4B-9AFF-303E-9F95-0D6C27F37A73}"
	ProjectSection(ProjectDependencies) = postProject
		{AC206458-5B71-3672-B8ED-EA8415037041} = {AC206458-5B71-3672-B8ED-EA8415037041}
		{623F2DD7-C025-3853-B777-9D767094EE21} = {623F2DD7-C025-3853-B777-9D767094EE21}
	EndProjectSection
EndProject
Project("{8BC9CEB8-8B4A-11D0-8D11-00A0C91BC942}") = "ZERO_CHECK", "ZERO_CHECK.vcxproj", "{AC206458-5B71-3672-B8ED-EA8415037041}"
	ProjectSection(ProjectDependencies) = postProject
	EndProjectSection
EndProject
Project("{8BC9CEB8-8B4A-11D0-8D11-00A0C91BC942}") = "test", "test.vcxproj", "{623F2DD7-C025-3853-B777-9D767094EE21}"
	ProjectSection(ProjectDependencies) = postProject
		{AC206458-5B71-3672-B8ED-EA8415037041} = {AC206458-5B71-3672-B8ED-EA8415037041}
	EndProjectSection
EndProject
Global
	GlobalSection(SolutionConfigurationPlatforms) = preSolution
		Debug|x64 = Debug|x64
		Release|x64 = Release|x64
		MinSizeRel|x64 = MinSizeRel|x64
		RelWithDebInfo|x64 = RelWithDebInfo|x64
	EndGlobalSection
	GlobalSection(ProjectConfigurationPlatforms) = postSolution
		{06B21D4B-9AFF-303E-9F95-0D6C27F37A73}.Debug|x64.ActiveCfg = Debug|x64
		{06B21D4B-9AFF-303E-9F95-0D6C27F37A73}.Release|x64.ActiveCfg = Release|x64
		{06B21D4B-9AFF-303E-9F95-0D6C27F37A73}.MinSizeRel|x64.ActiveCfg = MinSizeRel|x64
		{06B21D4B-9AFF-303E-9F95-0D6C27F37A73}.RelWithDebInfo|x64.ActiveCfg = RelWithDebInfo|x64
		{AC206458-5B71-3672-B8ED-EA8415037041}.Debug|x64.ActiveCfg = Debug|x64
		{AC206458-5B71-3672-B8ED-EA8415037041}.Debug|x64.Build.0 = Debug|x64
		{AC206458-5B71-3672-B8ED-EA8415037041}.Release|x64.ActiveCfg = Release|x64
		{AC206458-5B71-3672-B8ED-EA8415037041}.Release|x64.Build.0 = Release|x64
		{AC206458-5B71-3672-B8ED-EA8415037041}.MinSizeRel|x64.ActiveCfg = MinSizeRel|x64
		{AC206458-5B71-3672-B8ED-EA8415037041}.MinSizeRel|x64.Build.0 = MinSizeRel|x64
		{AC206458-5B71-3672-B8ED-EA8415037041}.RelWithDebInfo|x64.ActiveCfg = RelWithDebInfo|x64
		{AC206458-5B71-3672-B8ED-EA8415037041}.RelWithDebInfo|x64.Build.0 = RelWithDebInfo|x64
		{623F2DD7-C025-3853-B777-9D767094EE21}.Debug|x64.ActiveCfg = Debug|x64
		{623F2DD7-C025-3853-B777-9D767094EE21}.Debug|x64.Build.0 = Debug|x64
		{623F2DD7-C025-3853-B777-9D767094EE21}.Release|x64.ActiveCfg = Release|x64
		{623F2DD7-C025-3853-B777-9D767094EE21}.Release|x64.Build.0 = Release|x64
		{623F2DD7-C025-3853-B777-9D767094EE21}.MinSizeRel|x64.ActiveCfg = MinSizeRel|x64
		{623F2DD7-C025-3853-B777-9D767094EE21}.MinSizeRel|x64.Build.0 = MinSizeRel|x64
		{623F2DD7-C025-3853-B777-9D767094EE21}.RelWithDebInfo|x64.ActiveCfg = RelWithDebInfo|x64
		{623F2DD7-C025-3853-B777-9D767094EE21}.RelWithDebInfo|x64.Build.0 = RelWithDebInfo|x64
	EndGlobalSection
	GlobalSection(ExtensibilityGlobals) = postSolution
		SolutionGuid = {7C3F5CE7-FBAD-33FC-A33F-E225C81B6B1C}
	EndGlobalSection
	GlobalSection(ExtensibilityAddIns) = postSolution
	EndGlobalSection
EndGlobal
