<?xml version="1.0" encoding="utf-8"?>
<Project ToolsVersion="17.0" xmlns="http://schemas.microsoft.com/developer/msbuild/2003">
  <ItemGroup>
    <CustomBuild Include="C:\Users\Sayan\Desktop\lab 6 build\CMakeFiles\0a0f9e9db694619fdcf1b3b4bf270310\generate.stamp.rule">
      <Filter>CMake Rules</Filter>
    </CustomBuild>
  </ItemGroup>
  <ItemGroup>
    <Filter Include="CMake Rules">
      <UniqueIdentifier>{86CC0912-137D-3CFD-B299-EA79D4737A14}</UniqueIdentifier>
    </Filter>
  </ItemGroup>
</Project>
